PODS:
  - Flutter (1.0.0)
  - freerasp (1.0.0):
    - Flutter

DEPENDENCIES:
  - Flutter (from `Flutter`)
  - freerasp (from `.symlinks/plugins/freerasp/ios`)

EXTERNAL SOURCES:
  Flutter:
    :path: Flutter
  freerasp:
    :path: ".symlinks/plugins/freerasp/ios"

SPEC CHECKSUMS:
  Flutter: cabc95a1d2626b1b06e7179b784ebcf0c0cde467
  freerasp: d77275f774facb901f52e9608e5bd34768728363

PODFILE CHECKSUM: 3c63482e143d1b91d2d2560aee9fb04ecc74ac7e

COCOAPODS: 1.16.2
